// !$*UTF8*$!
{
	archiveVersion = 1;
	classes = {
	};
	objectVersion = 55;
	objects = {

/* Begin PBXBuildFile section */
		6C43A02728DC948A000B16BB /* CurrentWeatherData.swift in Sources */ = {isa = PBXBuildFile; fileRef = 6C43A02628DC948A000B16BB /* CurrentWeatherData.swift */; };
		6C43A02928DCD3F0000B16BB /* WeatherTableViewCell.swift in Sources */ = {isa = PBXBuildFile; fileRef = 6C43A02828DCD3F0000B16BB /* WeatherTableViewCell.swift */; };
		6C43A02B28DCE3BA000B16BB /* FutureWeatherData.swift in Sources */ = {isa = PBXBuildFile; fileRef = 6C43A02A28DCE3BA000B16BB /* FutureWeatherData.swift */; };
		6C43A03328E1C7C5000B16BB /* SingleCity.swift in Sources */ = {isa = PBXBuildFile; fileRef = 6C43A03228E1C7C5000B16BB /* SingleCity.swift */; };
		6CD13CA128DC63DF00057B68 /* AppDelegate.swift in Sources */ = {isa = PBXBuildFile; fileRef = 6CD13CA028DC63DF00057B68 /* AppDelegate.swift */; };
		6CD13CA328DC63DF00057B68 /* SceneDelegate.swift in Sources */ = {isa = PBXBuildFile; fileRef = 6CD13CA228DC63DF00057B68 /* SceneDelegate.swift */; };
		6CD13CA528DC63DF00057B68 /* ViewController.swift in Sources */ = {isa = PBXBuildFile; fileRef = 6CD13CA428DC63DF00057B68 /* ViewController.swift */; };
		6CD13CA828DC63DF00057B68 /* Main.storyboard in Resources */ = {isa = PBXBuildFile; fileRef = 6CD13CA628DC63DF00057B68 /* Main.storyboard */; };
		6CD13CAA28DC63E100057B68 /* Assets.xcassets in Resources */ = {isa = PBXBuildFile; fileRef = 6CD13CA928DC63E100057B68 /* Assets.xcassets */; };
		6CD13CAD28DC63E100057B68 /* LaunchScreen.storyboard in Resources */ = {isa = PBXBuildFile; fileRef = 6CD13CAB28DC63E100057B68 /* LaunchScreen.storyboard */; };
		6CD13CB828DC63E100057B68 /* WeatheerManagerTests.swift in Sources */ = {isa = PBXBuildFile; fileRef = 6CD13CB728DC63E100057B68 /* WeatheerManagerTests.swift */; };
		6CD13CC228DC63E100057B68 /* WeatheerManagerUITests.swift in Sources */ = {isa = PBXBuildFile; fileRef = 6CD13CC128DC63E100057B68 /* WeatheerManagerUITests.swift */; };
		6CD13CC428DC63E100057B68 /* WeatheerManagerUITestsLaunchTests.swift in Sources */ = {isa = PBXBuildFile; fileRef = 6CD13CC328DC63E100057B68 /* WeatheerManagerUITestsLaunchTests.swift */; };
		6CD13CD228DC67CE00057B68 /* SnapKit in Frameworks */ = {isa = PBXBuildFile; productRef = 6CD13CD128DC67CE00057B68 /* SnapKit */; };
		6CD13CD428DC726D00057B68 /* NetworkWeather.swift in Sources */ = {isa = PBXBuildFile; fileRef = 6CD13CD328DC726D00057B68 /* NetworkWeather.swift */; };
		6CD13CD628DC731D00057B68 /* Constants.swift in Sources */ = {isa = PBXBuildFile; fileRef = 6CD13CD528DC731D00057B68 /* Constants.swift */; };
		6CD13CD828DC7E8D00057B68 /* AlertController.swift in Sources */ = {isa = PBXBuildFile; fileRef = 6CD13CD728DC7E8D00057B68 /* AlertController.swift */; };
/* End PBXBuildFile section */

/* Begin PBXContainerItemProxy section */
		6CD13CB428DC63E100057B68 /* PBXContainerItemProxy */ = {
			isa = PBXContainerItemProxy;
			containerPortal = 6CD13C9528DC63DF00057B68 /* Project object */;
			proxyType = 1;
			remoteGlobalIDString = 6CD13C9C28DC63DF00057B68;
			remoteInfo = WeatheerManager;
		};
		6CD13CBE28DC63E100057B68 /* PBXContainerItemProxy */ = {
			isa = PBXContainerItemProxy;
			containerPortal = 6CD13C9528DC63DF00057B68 /* Project object */;
			proxyType = 1;
			remoteGlobalIDString = 6CD13C9C28DC63DF00057B68;
			remoteInfo = WeatheerManager;
		};
/* End PBXContainerItemProxy section */

/* Begin PBXFileReference section */
		6C43A02628DC948A000B16BB /* CurrentWeatherData.swift */ = {isa = PBXFileReference; lastKnownFileType = sourcecode.swift; path = CurrentWeatherData.swift; sourceTree = "<group>"; };
		6C43A02828DCD3F0000B16BB /* WeatherTableViewCell.swift */ = {isa = PBXFileReference; lastKnownFileType = sourcecode.swift; path = WeatherTableViewCell.swift; sourceTree = "<group>"; };
		6C43A02A28DCE3BA000B16BB /* FutureWeatherData.swift */ = {isa = PBXFileReference; lastKnownFileType = sourcecode.swift; path = FutureWeatherData.swift; sourceTree = "<group>"; };
		6C43A03228E1C7C5000B16BB /* SingleCity.swift */ = {isa = PBXFileReference; lastKnownFileType = sourcecode.swift; path = SingleCity.swift; sourceTree = "<group>"; };
		6CD13C9D28DC63DF00057B68 /* WeatheerManager.app */ = {isa = PBXFileReference; explicitFileType = wrapper.application; includeInIndex = 0; path = WeatheerManager.app; sourceTree = BUILT_PRODUCTS_DIR; };
		6CD13CA028DC63DF00057B68 /* AppDelegate.swift */ = {isa = PBXFileReference; lastKnownFileType = sourcecode.swift; path = AppDelegate.swift; sourceTree = "<group>"; };
		6CD13CA228DC63DF00057B68 /* SceneDelegate.swift */ = {isa = PBXFileReference; lastKnownFileType = sourcecode.swift; path = SceneDelegate.swift; sourceTree = "<group>"; };
		6CD13CA428DC63DF00057B68 /* ViewController.swift */ = {isa = PBXFileReference; lastKnownFileType = sourcecode.swift; path = ViewController.swift; sourceTree = "<group>"; };
		6CD13CA728DC63DF00057B68 /* Base */ = {isa = PBXFileReference; lastKnownFileType = file.storyboard; name = Base; path = Base.lproj/Main.storyboard; sourceTree = "<group>"; };
		6CD13CA928DC63E100057B68 /* Assets.xcassets */ = {isa = PBXFileReference; lastKnownFileType = folder.assetcatalog; path = Assets.xcassets; sourceTree = "<group>"; };
		6CD13CAC28DC63E100057B68 /* Base */ = {isa = PBXFileReference; lastKnownFileType = file.storyboard; name = Base; path = Base.lproj/LaunchScreen.storyboard; sourceTree = "<group>"; };
		6CD13CAE28DC63E100057B68 /* Info.plist */ = {isa = PBXFileReference; lastKnownFileType = text.plist.xml; path = Info.plist; sourceTree = "<group>"; };
		6CD13CB328DC63E100057B68 /* WeatheerManagerTests.xctest */ = {isa = PBXFileReference; explicitFileType = wrapper.cfbundle; includeInIndex = 0; path = WeatheerManagerTests.xctest; sourceTree = BUILT_PRODUCTS_DIR; };
		6CD13CB728DC63E100057B68 /* WeatheerManagerTests.swift */ = {isa = PBXFileReference; lastKnownFileType = sourcecode.swift; path = WeatheerManagerTests.swift; sourceTree = "<group>"; };
		6CD13CBD28DC63E100057B68 /* WeatheerManagerUITests.xctest */ = {isa = PBXFileReference; explicitFileType = wrapper.cfbundle; includeInIndex = 0; path = WeatheerManagerUITests.xctest; sourceTree = BUILT_PRODUCTS_DIR; };
		6CD13CC128DC63E100057B68 /* WeatheerManagerUITests.swift */ = {isa = PBXFileReference; lastKnownFileType = sourcecode.swift; path = WeatheerManagerUITests.swift; sourceTree = "<group>"; };
		6CD13CC328DC63E100057B68 /* WeatheerManagerUITestsLaunchTests.swift */ = {isa = PBXFileReference; lastKnownFileType = sourcecode.swift; path = WeatheerManagerUITestsLaunchTests.swift; sourceTree = "<group>"; };
		6CD13CD328DC726D00057B68 /* NetworkWeather.swift */ = {isa = PBXFileReference; lastKnownFileType = sourcecode.swift; path = NetworkWeather.swift; sourceTree = "<group>"; };
		6CD13CD528DC731D00057B68 /* Constants.swift */ = {isa = PBXFileReference; lastKnownFileType = sourcecode.swift; path = Constants.swift; sourceTree = "<group>"; };
		6CD13CD728DC7E8D00057B68 /* AlertController.swift */ = {isa = PBXFileReference; lastKnownFileType = sourcecode.swift; path = AlertController.swift; sourceTree = "<group>"; };
/* End PBXFileReference section */

/* Begin PBXFrameworksBuildPhase section */
		6CD13C9A28DC63DF00057B68 /* Frameworks */ = {
			isa = PBXFrameworksBuildPhase;
			buildActionMask = 2147483647;
			files = (
				6CD13CD228DC67CE00057B68 /* SnapKit in Frameworks */,
			);
			runOnlyForDeploymentPostprocessing = 0;
		};
		6CD13CB028DC63E100057B68 /* Frameworks */ = {
			isa = PBXFrameworksBuildPhase;
			buildActionMask = 2147483647;
			files = (
			);
			runOnlyForDeploymentPostprocessing = 0;
		};
		6CD13CBA28DC63E100057B68 /* Frameworks */ = {
			isa = PBXFrameworksBuildPhase;
			buildActionMask = 2147483647;
			files = (
			);
			runOnlyForDeploymentPostprocessing = 0;
		};
/* End PBXFrameworksBuildPhase section */

/* Begin PBXGroup section */
		6C43A02C28DDB411000B16BB /* WeatherData */ = {
			isa = PBXGroup;
			children = (
				6C43A02628DC948A000B16BB /* CurrentWeatherData.swift */,
				6C43A02A28DCE3BA000B16BB /* FutureWeatherData.swift */,
			);
			path = WeatherData;
			sourceTree = "<group>";
		};
		6C43A02D28DDB42B000B16BB /* Network */ = {
			isa = PBXGroup;
			children = (
				6CD13CD328DC726D00057B68 /* NetworkWeather.swift */,
			);
			path = Network;
			sourceTree = "<group>";
		};
		6C43A02E28DDB441000B16BB /* Constants */ = {
			isa = PBXGroup;
			children = (
				6CD13CD528DC731D00057B68 /* Constants.swift */,
			);
			path = Constants;
			sourceTree = "<group>";
		};
		6C43A02F28DDB45B000B16BB /* Extension */ = {
			isa = PBXGroup;
			children = (
				6C43A03228E1C7C5000B16BB /* SingleCity.swift */,
				6CD13CD728DC7E8D00057B68 /* AlertController.swift */,
			);
			path = Extension;
			sourceTree = "<group>";
		};
		6C43A03028DDB492000B16BB /* Cell */ = {
			isa = PBXGroup;
			children = (
				6C43A02828DCD3F0000B16BB /* WeatherTableViewCell.swift */,
			);
			path = Cell;
			sourceTree = "<group>";
		};
		6C43A03128DDB4A0000B16BB /* MainView */ = {
			isa = PBXGroup;
			children = (
				6CD13CA428DC63DF00057B68 /* ViewController.swift */,
			);
			path = MainView;
			sourceTree = "<group>";
		};
		6CD13C9428DC63DF00057B68 = {
			isa = PBXGroup;
			children = (
				6CD13C9F28DC63DF00057B68 /* WeatheerManager */,
				6CD13CB628DC63E100057B68 /* WeatheerManagerTests */,
				6CD13CC028DC63E100057B68 /* WeatheerManagerUITests */,
				6CD13C9E28DC63DF00057B68 /* Products */,
			);
			sourceTree = "<group>";
		};
		6CD13C9E28DC63DF00057B68 /* Products */ = {
			isa = PBXGroup;
			children = (
				6CD13C9D28DC63DF00057B68 /* WeatheerManager.app */,
				6CD13CB328DC63E100057B68 /* WeatheerManagerTests.xctest */,
				6CD13CBD28DC63E100057B68 /* WeatheerManagerUITests.xctest */,
			);
			name = Products;
			sourceTree = "<group>";
		};
		6CD13C9F28DC63DF00057B68 /* WeatheerManager */ = {
			isa = PBXGroup;
			children = (
				6CD13CA028DC63DF00057B68 /* AppDelegate.swift */,
				6CD13CA228DC63DF00057B68 /* SceneDelegate.swift */,
				6C43A03128DDB4A0000B16BB /* MainView */,
				6C43A03028DDB492000B16BB /* Cell */,
				6C43A02F28DDB45B000B16BB /* Extension */,
				6C43A02C28DDB411000B16BB /* WeatherData */,
				6C43A02D28DDB42B000B16BB /* Network */,
				6C43A02E28DDB441000B16BB /* Constants */,
				6CD13CA628DC63DF00057B68 /* Main.storyboard */,
				6CD13CA928DC63E100057B68 /* Assets.xcassets */,
				6CD13CAB28DC63E100057B68 /* LaunchScreen.storyboard */,
				6CD13CAE28DC63E100057B68 /* Info.plist */,
			);
			path = WeatheerManager;
			sourceTree = "<group>";
		};
		6CD13CB628DC63E100057B68 /* WeatheerManagerTests */ = {
			isa = PBXGroup;
			children = (
				6CD13CB728DC63E100057B68 /* WeatheerManagerTests.swift */,
			);
			path = WeatheerManagerTests;
			sourceTree = "<group>";
		};
		6CD13CC028DC63E100057B68 /* WeatheerManagerUITests */ = {
			isa = PBXGroup;
			children = (
				6CD13CC128DC63E100057B68 /* WeatheerManagerUITests.swift */,
				6CD13CC328DC63E100057B68 /* WeatheerManagerUITestsLaunchTests.swift */,
			);
			path = WeatheerManagerUITests;
			sourceTree = "<group>";
		};
/* End PBXGroup section */

/* Begin PBXNativeTarget section */
		6CD13C9C28DC63DF00057B68 /* WeatheerManager */ = {
			isa = PBXNativeTarget;
			buildConfigurationList = 6CD13CC728DC63E100057B68 /* Build configuration list for PBXNativeTarget "WeatheerManager" */;
			buildPhases = (
				6CD13C9928DC63DF00057B68 /* Sources */,
				6CD13C9A28DC63DF00057B68 /* Frameworks */,
				6CD13C9B28DC63DF00057B68 /* Resources */,
			);
			buildRules = (
			);
			dependencies = (
			);
			name = WeatheerManager;
			packageProductDependencies = (
				6CD13CD128DC67CE00057B68 /* SnapKit */,
			);
			productName = WeatheerManager;
			productReference = 6CD13C9D28DC63DF00057B68 /* WeatheerManager.app */;
			productType = "com.apple.product-type.application";
		};
		6CD13CB228DC63E100057B68 /* WeatheerManagerTests */ = {
			isa = PBXNativeTarget;
			buildConfigurationList = 6CD13CCA28DC63E100057B68 /* Build configuration list for PBXNativeTarget "WeatheerManagerTests" */;
			buildPhases = (
				6CD13CAF28DC63E100057B68 /* Sources */,
				6CD13CB028DC63E100057B68 /* Frameworks */,
				6CD13CB128DC63E100057B68 /* Resources */,
			);
			buildRules = (
			);
			dependencies = (
				6CD13CB528DC63E100057B68 /* PBXTargetDependency */,
			);
			name = WeatheerManagerTests;
			productName = WeatheerManagerTests;
			productReference = 6CD13CB328DC63E100057B68 /* WeatheerManagerTests.xctest */;
			productType = "com.apple.product-type.bundle.unit-test";
		};
		6CD13CBC28DC63E100057B68 /* WeatheerManagerUITests */ = {
			isa = PBXNativeTarget;
			buildConfigurationList = 6CD13CCD28DC63E100057B68 /* Build configuration list for PBXNativeTarget "WeatheerManagerUITests" */;
			buildPhases = (
				6CD13CB928DC63E100057B68 /* Sources */,
				6CD13CBA28DC63E100057B68 /* Frameworks */,
				6CD13CBB28DC63E100057B68 /* Resources */,
			);
			buildRules = (
			);
			dependencies = (
				6CD13CBF28DC63E100057B68 /* PBXTargetDependency */,
			);
			name = WeatheerManagerUITests;
			productName = WeatheerManagerUITests;
			productReference = 6CD13CBD28DC63E100057B68 /* WeatheerManagerUITests.xctest */;
			productType = "com.apple.product-type.bundle.ui-testing";
		};
/* End PBXNativeTarget section */

/* Begin PBXProject section */
		6CD13C9528DC63DF00057B68 /* Project object */ = {
			isa = PBXProject;
			attributes = {
				BuildIndependentTargetsInParallel = 1;
				LastSwiftUpdateCheck = 1340;
				LastUpgradeCheck = 1340;
				TargetAttributes = {
					6CD13C9C28DC63DF00057B68 = {
						CreatedOnToolsVersion = 13.4.1;
					};
					6CD13CB228DC63E100057B68 = {
						CreatedOnToolsVersion = 13.4.1;
						TestTargetID = 6CD13C9C28DC63DF00057B68;
					};
					6CD13CBC28DC63E100057B68 = {
						CreatedOnToolsVersion = 13.4.1;
						TestTargetID = 6CD13C9C28DC63DF00057B68;
					};
				};
			};
			buildConfigurationList = 6CD13C9828DC63DF00057B68 /* Build configuration list for PBXProject "WeatheerManager" */;
			compatibilityVersion = "Xcode 13.0";
			developmentRegion = en;
			hasScannedForEncodings = 0;
			knownRegions = (
				en,
				Base,
			);
			mainGroup = 6CD13C9428DC63DF00057B68;
			packageReferences = (
				6CD13CD028DC67CE00057B68 /* XCRemoteSwiftPackageReference "SnapKit" */,
			);
			productRefGroup = 6CD13C9E28DC63DF00057B68 /* Products */;
			projectDirPath = "";
			projectRoot = "";
			targets = (
				6CD13C9C28DC63DF00057B68 /* WeatheerManager */,
				6CD13CB228DC63E100057B68 /* WeatheerManagerTests */,
				6CD13CBC28DC63E100057B68 /* WeatheerManagerUITests */,
			);
		};
/* End PBXProject section */

/* Begin PBXResourcesBuildPhase section */
		6CD13C9B28DC63DF00057B68 /* Resources */ = {
			isa = PBXResourcesBuildPhase;
			buildActionMask = 2147483647;
			files = (
				6CD13CAD28DC63E100057B68 /* LaunchScreen.storyboard in Resources */,
				6CD13CAA28DC63E100057B68 /* Assets.xcassets in Resources */,
				6CD13CA828DC63DF00057B68 /* Main.storyboard in Resources */,
			);
			runOnlyForDeploymentPostprocessing = 0;
		};
		6CD13CB128DC63E100057B68 /* Resources */ = {
			isa = PBXResourcesBuildPhase;
			buildActionMask = 2147483647;
			files = (
			);
			runOnlyForDeploymentPostprocessing = 0;
		};
		6CD13CBB28DC63E100057B68 /* Resources */ = {
			isa = PBXResourcesBuildPhase;
			buildActionMask = 2147483647;
			files = (
			);
			runOnlyForDeploymentPostprocessing = 0;
		};
/* End PBXResourcesBuildPhase section */

/* Begin PBXSourcesBuildPhase section */
		6CD13C9928DC63DF00057B68 /* Sources */ = {
			isa = PBXSourcesBuildPhase;
			buildActionMask = 2147483647;
			files = (
				6C43A02928DCD3F0000B16BB /* WeatherTableViewCell.swift in Sources */,
				6CD13CD628DC731D00057B68 /* Constants.swift in Sources */,
				6CD13CA528DC63DF00057B68 /* ViewController.swift in Sources */,
				6C43A02B28DCE3BA000B16BB /* FutureWeatherData.swift in Sources */,
				6CD13CD428DC726D00057B68 /* NetworkWeather.swift in Sources */,
				6CD13CA128DC63DF00057B68 /* AppDelegate.swift in Sources */,
				6CD13CD828DC7E8D00057B68 /* AlertController.swift in Sources */,
				6C43A02728DC948A000B16BB /* CurrentWeatherData.swift in Sources */,
				6C43A03328E1C7C5000B16BB /* SingleCity.swift in Sources */,
				6CD13CA328DC63DF00057B68 /* SceneDelegate.swift in Sources */,
			);
			runOnlyForDeploymentPostprocessing = 0;
		};
		6CD13CAF28DC63E100057B68 /* Sources */ = {
			isa = PBXSourcesBuildPhase;
			buildActionMask = 2147483647;
			files = (
				6CD13CB828DC63E100057B68 /* WeatheerManagerTests.swift in Sources */,
			);
			runOnlyForDeploymentPostprocessing = 0;
		};
		6CD13CB928DC63E100057B68 /* Sources */ = {
			isa = PBXSourcesBuildPhase;
			buildActionMask = 2147483647;
			files = (
				6CD13CC228DC63E100057B68 /* WeatheerManagerUITests.swift in Sources */,
				6CD13CC428DC63E100057B68 /* WeatheerManagerUITestsLaunchTests.swift in Sources */,
			);
			runOnlyForDeploymentPostprocessing = 0;
		};
/* End PBXSourcesBuildPhase section */

/* Begin PBXTargetDependency section */
		6CD13CB528DC63E100057B68 /* PBXTargetDependency */ = {
			isa = PBXTargetDependency;
			target = 6CD13C9C28DC63DF00057B68 /* WeatheerManager */;
			targetProxy = 6CD13CB428DC63E100057B68 /* PBXContainerItemProxy */;
		};
		6CD13CBF28DC63E100057B68 /* PBXTargetDependency */ = {
			isa = PBXTargetDependency;
			target = 6CD13C9C28DC63DF00057B68 /* WeatheerManager */;
			targetProxy = 6CD13CBE28DC63E100057B68 /* PBXContainerItemProxy */;
		};
/* End PBXTargetDependency section */

/* Begin PBXVariantGroup section */
		6CD13CA628DC63DF00057B68 /* Main.storyboard */ = {
			isa = PBXVariantGroup;
			children = (
				6CD13CA728DC63DF00057B68 /* Base */,
			);
			name = Main.storyboard;
			sourceTree = "<group>";
		};
		6CD13CAB28DC63E100057B68 /* LaunchScreen.storyboard */ = {
			isa = PBXVariantGroup;
			children = (
				6CD13CAC28DC63E100057B68 /* Base */,
			);
			name = LaunchScreen.storyboard;
			sourceTree = "<group>";
		};
/* End PBXVariantGroup section */

/* Begin XCBuildConfiguration section */
		6CD13CC528DC63E100057B68 /* Debug */ = {
			isa = XCBuildConfiguration;
			buildSettings = {
				ALWAYS_SEARCH_USER_PATHS = NO;
				CLANG_ANALYZER_NONNULL = YES;
				CLANG_ANALYZER_NUMBER_OBJECT_CONVERSION = YES_AGGRESSIVE;
				CLANG_CXX_LANGUAGE_STANDARD = "gnu++17";
				CLANG_ENABLE_MODULES = YES;
				CLANG_ENABLE_OBJC_ARC = YES;
				CLANG_ENABLE_OBJC_WEAK = YES;
				CLANG_WARN_BLOCK_CAPTURE_AUTORELEASING = YES;
				CLANG_WARN_BOOL_CONVERSION = YES;
				CLANG_WARN_COMMA = YES;
				CLANG_WARN_CONSTANT_CONVERSION = YES;
				CLANG_WARN_DEPRECATED_OBJC_IMPLEMENTATIONS = YES;
				CLANG_WARN_DIRECT_OBJC_ISA_USAGE = YES_ERROR;
				CLANG_WARN_DOCUMENTATION_COMMENTS = YES;
				CLANG_WARN_EMPTY_BODY = YES;
				CLANG_WARN_ENUM_CONVERSION = YES;
				CLANG_WARN_INFINITE_RECURSION = YES;
				CLANG_WARN_INT_CONVERSION = YES;
				CLANG_WARN_NON_LITERAL_NULL_CONVERSION = YES;
				CLANG_WARN_OBJC_IMPLICIT_RETAIN_SELF = YES;
				CLANG_WARN_OBJC_LITERAL_CONVERSION = YES;
				CLANG_WARN_OBJC_ROOT_CLASS = YES_ERROR;
				CLANG_WARN_QUOTED_INCLUDE_IN_FRAMEWORK_HEADER = YES;
				CLANG_WARN_RANGE_LOOP_ANALYSIS = YES;
				CLANG_WARN_STRICT_PROTOTYPES = YES;
				CLANG_WARN_SUSPICIOUS_MOVE = YES;
				CLANG_WARN_UNGUARDED_AVAILABILITY = YES_AGGRESSIVE;
				CLANG_WARN_UNREACHABLE_CODE = YES;
				CLANG_WARN__DUPLICATE_METHOD_MATCH = YES;
				COPY_PHASE_STRIP = NO;
				DEBUG_INFORMATION_FORMAT = dwarf;
				ENABLE_STRICT_OBJC_MSGSEND = YES;
				ENABLE_TESTABILITY = YES;
				GCC_C_LANGUAGE_STANDARD = gnu11;
				GCC_DYNAMIC_NO_PIC = NO;
				GCC_NO_COMMON_BLOCKS = YES;
				GCC_OPTIMIZATION_LEVEL = 0;
				GCC_PREPROCESSOR_DEFINITIONS = (
					"DEBUG=1",
					"$(inherited)",
				);
				GCC_WARN_64_TO_32_BIT_CONVERSION = YES;
				GCC_WARN_ABOUT_RETURN_TYPE = YES_ERROR;
				GCC_WARN_UNDECLARED_SELECTOR = YES;
				GCC_WARN_UNINITIALIZED_AUTOS = YES_AGGRESSIVE;
				GCC_WARN_UNUSED_FUNCTION = YES;
				GCC_WARN_UNUSED_VARIABLE = YES;
				IPHONEOS_DEPLOYMENT_TARGET = 15.5;
				MTL_ENABLE_DEBUG_INFO = INCLUDE_SOURCE;
				MTL_FAST_MATH = YES;
				ONLY_ACTIVE_ARCH = YES;
				SDKROOT = iphoneos;
				SWIFT_ACTIVE_COMPILATION_CONDITIONS = DEBUG;
				SWIFT_OPTIMIZATION_LEVEL = "-Onone";
			};
			name = Debug;
		};
		6CD13CC628DC63E100057B68 /* Release */ = {
			isa = XCBuildConfiguration;
			buildSettings = {
				ALWAYS_SEARCH_USER_PATHS = NO;
				CLANG_ANALYZER_NONNULL = YES;
				CLANG_ANALYZER_NUMBER_OBJECT_CONVERSION = YES_AGGRESSIVE;
				CLANG_CXX_LANGUAGE_STANDARD = "gnu++17";
				CLANG_ENABLE_MODULES = YES;
				CLANG_ENABLE_OBJC_ARC = YES;
				CLANG_ENABLE_OBJC_WEAK = YES;
				CLANG_WARN_BLOCK_CAPTURE_AUTORELEASING = YES;
				CLANG_WARN_BOOL_CONVERSION = YES;
				CLANG_WARN_COMMA = YES;
				CLANG_WARN_CONSTANT_CONVERSION = YES;
				CLANG_WARN_DEPRECATED_OBJC_IMPLEMENTATIONS = YES;
				CLANG_WARN_DIRECT_OBJC_ISA_USAGE = YES_ERROR;
				CLANG_WARN_DOCUMENTATION_COMMENTS = YES;
				CLANG_WARN_EMPTY_BODY = YES;
				CLANG_WARN_ENUM_CONVERSION = YES;
				CLANG_WARN_INFINITE_RECURSION = YES;
				CLANG_WARN_INT_CONVERSION = YES;
				CLANG_WARN_NON_LITERAL_NULL_CONVERSION = YES;
				CLANG_WARN_OBJC_IMPLICIT_RETAIN_SELF = YES;
				CLANG_WARN_OBJC_LITERAL_CONVERSION = YES;
				CLANG_WARN_OBJC_ROOT_CLASS = YES_ERROR;
				CLANG_WARN_QUOTED_INCLUDE_IN_FRAMEWORK_HEADER = YES;
				CLANG_WARN_RANGE_LOOP_ANALYSIS = YES;
				CLANG_WARN_STRICT_PROTOTYPES = YES;
				CLANG_WARN_SUSPICIOUS_MOVE = YES;
				CLANG_WARN_UNGUARDED_AVAILABILITY = YES_AGGRESSIVE;
				CLANG_WARN_UNREACHABLE_CODE = YES;
				CLANG_WARN__DUPLICATE_METHOD_MATCH = YES;
				COPY_PHASE_STRIP = NO;
				DEBUG_INFORMATION_FORMAT = "dwarf-with-dsym";
				ENABLE_NS_ASSERTIONS = NO;
				ENABLE_STRICT_OBJC_MSGSEND = YES;
				GCC_C_LANGUAGE_STANDARD = gnu11;
				GCC_NO_COMMON_BLOCKS = YES;
				GCC_WARN_64_TO_32_BIT_CONVERSION = YES;
				GCC_WARN_ABOUT_RETURN_TYPE = YES_ERROR;
				GCC_WARN_UNDECLARED_SELECTOR = YES;
				GCC_WARN_UNINITIALIZED_AUTOS = YES_AGGRESSIVE;
				GCC_WARN_UNUSED_FUNCTION = YES;
				GCC_WARN_UNUSED_VARIABLE = YES;
				IPHONEOS_DEPLOYMENT_TARGET = 15.5;
				MTL_ENABLE_DEBUG_INFO = NO;
				MTL_FAST_MATH = YES;
				SDKROOT = iphoneos;
				SWIFT_COMPILATION_MODE = wholemodule;
				SWIFT_OPTIMIZATION_LEVEL = "-O";
				VALIDATE_PRODUCT = YES;
			};
			name = Release;
		};
		6CD13CC828DC63E100057B68 /* Debug */ = {
			isa = XCBuildConfiguration;
			buildSettings = {
				ASSETCATALOG_COMPILER_APPICON_NAME = AppIcon;
				ASSETCATALOG_COMPILER_GLOBAL_ACCENT_COLOR_NAME = AccentColor;
				CODE_SIGN_STYLE = Automatic;
				CURRENT_PROJECT_VERSION = 1;
				GENERATE_INFOPLIST_FILE = YES;
				INFOPLIST_FILE = WeatheerManager/Info.plist;
				INFOPLIST_KEY_UIApplicationSupportsIndirectInputEvents = YES;
				INFOPLIST_KEY_UILaunchStoryboardName = LaunchScreen;
				INFOPLIST_KEY_UIMainStoryboardFile = Main;
				INFOPLIST_KEY_UISupportedInterfaceOrientations_iPad = "UIInterfaceOrientationPortrait UIInterfaceOrientationPortraitUpsideDown UIInterfaceOrientationLandscapeLeft UIInterfaceOrientationLandscapeRight";
				INFOPLIST_KEY_UISupportedInterfaceOrientations_iPhone = "UIInterfaceOrientationPortrait UIInterfaceOrientationLandscapeLeft UIInterfaceOrientationLandscapeRight";
				LD_RUNPATH_SEARCH_PATHS = (
					"$(inherited)",
					"@executable_path/Frameworks",
				);
				MARKETING_VERSION = 1.0;
				PRODUCT_BUNDLE_IDENTIFIER = com.APIFirstProject.WeatheerManager;
				PRODUCT_NAME = "$(TARGET_NAME)";
				SWIFT_EMIT_LOC_STRINGS = YES;
				SWIFT_VERSION = 5.0;
				TARGETED_DEVICE_FAMILY = "1,2";
			};
			name = Debug;
		};
		6CD13CC928DC63E100057B68 /* Release */ = {
			isa = XCBuildConfiguration;
			buildSettings = {
				ASSETCATALOG_COMPILER_APPICON_NAME = AppIcon;
				ASSETCATALOG_COMPILER_GLOBAL_ACCENT_COLOR_NAME = AccentColor;
				CODE_SIGN_STYLE = Automatic;
				CURRENT_PROJECT_VERSION = 1;
				GENERATE_INFOPLIST_FILE = YES;
				INFOPLIST_FILE = WeatheerManager/Info.plist;
				INFOPLIST_KEY_UIApplicationSupportsIndirectInputEvents = YES;
				INFOPLIST_KEY_UILaunchStoryboardName = LaunchScreen;
				INFOPLIST_KEY_UIMainStoryboardFile = Main;
				INFOPLIST_KEY_UISupportedInterfaceOrientations_iPad = "UIInterfaceOrientationPortrait UIInterfaceOrientationPortraitUpsideDown UIInterfaceOrientationLandscapeLeft UIInterfaceOrientationLandscapeRight";
				INFOPLIST_KEY_UISupportedInterfaceOrientations_iPhone = "UIInterfaceOrientationPortrait UIInterfaceOrientationLandscapeLeft UIInterfaceOrientationLandscapeRight";
				LD_RUNPATH_SEARCH_PATHS = (
					"$(inherited)",
					"@executable_path/Frameworks",
				);
				MARKETING_VERSION = 1.0;
				PRODUCT_BUNDLE_IDENTIFIER = com.APIFirstProject.WeatheerManager;
				PRODUCT_NAME = "$(TARGET_NAME)";
				SWIFT_EMIT_LOC_STRINGS = YES;
				SWIFT_VERSION = 5.0;
				TARGETED_DEVICE_FAMILY = "1,2";
			};
			name = Release;
		};
		6CD13CCB28DC63E100057B68 /* Debug */ = {
			isa = XCBuildConfiguration;
			buildSettings = {
				ALWAYS_EMBED_SWIFT_STANDARD_LIBRARIES = YES;
				BUNDLE_LOADER = "$(TEST_HOST)";
				CODE_SIGN_STYLE = Automatic;
				CURRENT_PROJECT_VERSION = 1;
				GENERATE_INFOPLIST_FILE = YES;
				IPHONEOS_DEPLOYMENT_TARGET = 15.5;
				MARKETING_VERSION = 1.0;
				PRODUCT_BUNDLE_IDENTIFIER = com.APIFirstProject.WeatheerManagerTests;
				PRODUCT_NAME = "$(TARGET_NAME)";
				SWIFT_EMIT_LOC_STRINGS = NO;
				SWIFT_VERSION = 5.0;
				TARGETED_DEVICE_FAMILY = "1,2";
				TEST_HOST = "$(BUILT_PRODUCTS_DIR)/WeatheerManager.app/WeatheerManager";
			};
			name = Debug;
		};
		6CD13CCC28DC63E100057B68 /* Release */ = {
			isa = XCBuildConfiguration;
			buildSettings = {
				ALWAYS_EMBED_SWIFT_STANDARD_LIBRARIES = YES;
				BUNDLE_LOADER = "$(TEST_HOST)";
				CODE_SIGN_STYLE = Automatic;
				CURRENT_PROJECT_VERSION = 1;
				GENERATE_INFOPLIST_FILE = YES;
				IPHONEOS_DEPLOYMENT_TARGET = 15.5;
				MARKETING_VERSION = 1.0;
				PRODUCT_BUNDLE_IDENTIFIER = com.APIFirstProject.WeatheerManagerTests;
				PRODUCT_NAME = "$(TARGET_NAME)";
				SWIFT_EMIT_LOC_STRINGS = NO;
				SWIFT_VERSION = 5.0;
				TARGETED_DEVICE_FAMILY = "1,2";
				TEST_HOST = "$(BUILT_PRODUCTS_DIR)/WeatheerManager.app/WeatheerManager";
			};
			name = Release;
		};
		6CD13CCE28DC63E100057B68 /* Debug */ = {
			isa = XCBuildConfiguration;
			buildSettings = {
				ALWAYS_EMBED_SWIFT_STANDARD_LIBRARIES = YES;
				CODE_SIGN_STYLE = Automatic;
				CURRENT_PROJECT_VERSION = 1;
				GENERATE_INFOPLIST_FILE = YES;
				MARKETING_VERSION = 1.0;
				PRODUCT_BUNDLE_IDENTIFIER = com.APIFirstProject.WeatheerManagerUITests;
				PRODUCT_NAME = "$(TARGET_NAME)";
				SWIFT_EMIT_LOC_STRINGS = NO;
				SWIFT_VERSION = 5.0;
				TARGETED_DEVICE_FAMILY = "1,2";
				TEST_TARGET_NAME = WeatheerManager;
			};
			name = Debug;
		};
		6CD13CCF28DC63E100057B68 /* Release */ = {
			isa = XCBuildConfiguration;
			buildSettings = {
				ALWAYS_EMBED_SWIFT_STANDARD_LIBRARIES = YES;
				CODE_SIGN_STYLE = Automatic;
				CURRENT_PROJECT_VERSION = 1;
				GENERATE_INFOPLIST_FILE = YES;
				MARKETING_VERSION = 1.0;
				PRODUCT_BUNDLE_IDENTIFIER = com.APIFirstProject.WeatheerManagerUITests;
				PRODUCT_NAME = "$(TARGET_NAME)";
				SWIFT_EMIT_LOC_STRINGS = NO;
				SWIFT_VERSION = 5.0;
				TARGETED_DEVICE_FAMILY = "1,2";
				TEST_TARGET_NAME = WeatheerManager;
			};
			name = Release;
		};
/* End XCBuildConfiguration section */

/* Begin XCConfigurationList section */
		6CD13C9828DC63DF00057B68 /* Build configuration list for PBXProject "WeatheerManager" */ = {
			isa = XCConfigurationList;
			buildConfigurations = (
				6CD13CC528DC63E100057B68 /* Debug */,
				6CD13CC628DC63E100057B68 /* Release */,
			);
			defaultConfigurationIsVisible = 0;
			defaultConfigurationName = Release;
		};
		6CD13CC728DC63E100057B68 /* Build configuration list for PBXNativeTarget "WeatheerManager" */ = {
			isa = XCConfigurationList;
			buildConfigurations = (
				6CD13CC828DC63E100057B68 /* Debug */,
				6CD13CC928DC63E100057B68 /* Release */,
			);
			defaultConfigurationIsVisible = 0;
			defaultConfigurationName = Release;
		};
		6CD13CCA28DC63E100057B68 /* Build configuration list for PBXNativeTarget "WeatheerManagerTests" */ = {
			isa = XCConfigurationList;
			buildConfigurations = (
				6CD13CCB28DC63E100057B68 /* Debug */,
				6CD13CCC28DC63E100057B68 /* Release */,
			);
			defaultConfigurationIsVisible = 0;
			defaultConfigurationName = Release;
		};
		6CD13CCD28DC63E100057B68 /* Build configuration list for PBXNativeTarget "WeatheerManagerUITests" */ = {
			isa = XCConfigurationList;
			buildConfigurations = (
				6CD13CCE28DC63E100057B68 /* Debug */,
				6CD13CCF28DC63E100057B68 /* Release */,
			);
			defaultConfigurationIsVisible = 0;
			defaultConfigurationName = Release;
		};
/* End XCConfigurationList section */

/* Begin XCRemoteSwiftPackageReference section */
		6CD13CD028DC67CE00057B68 /* XCRemoteSwiftPackageReference "SnapKit" */ = {
			isa = XCRemoteSwiftPackageReference;
			repositoryURL = "https://github.com/SnapKit/SnapKit.git";
			requirement = {
				branch = main;
				kind = branch;
			};
		};
/* End XCRemoteSwiftPackageReference section */

/* Begin XCSwiftPackageProductDependency section */
		6CD13CD128DC67CE00057B68 /* SnapKit */ = {
			isa = XCSwiftPackageProductDependency;
			package = 6CD13CD028DC67CE00057B68 /* XCRemoteSwiftPackageReference "SnapKit" */;
			productName = SnapKit;
		};
/* End XCSwiftPackageProductDependency section */
	};
	rootObject = 6CD13C9528DC63DF00057B68 /* Project object */;
}
